
Microsoft Visual Studio Solution File, Format Version 12.00
# Visual Studio 15
VisualStudioVersion = 15.0.27130.2027
MinimumVisualStudioVersion = 10.0.40219.1
Project("{F184B08F-C81C-45F6-A57F-5ABD9991F28F}") = "InMoldDrying", "Huhtamaki_HMI\InMoldDrying.vbproj", "{6858FFFF-F71A-4678-A7FE-34FEC32714EF}"
EndProject
Project("{FD9F1D59-E000-42F3-8744-88DE1BE93C06}") = "PID_ControlScope", "TwinCAT Measurement Project1\PID_ControlScope.tcmproj", "{17069FCB-55E1-437B-B353-06AD15F9EAB9}"
EndProject
Project("{B1E792BE-AA5F-4E3C-8C82-674BF9C0715B}") = "TwinCAT Project IMD", "TwinCAT Project EAMC\TwinCAT Project IMD.tsproj", "{CA5A7DDC-1C7E-4805-91FF-63E404163A96}"
EndProject
Project("{FE7A1B72-C5B7-4D7C-BB7D-76384D4DE8E1}") = "TwinCAT HMI Project IMD", "TwinCAT HMI Project IMD\TwinCAT HMI Project IMD.hmiproj", "{BC2054FB-3E46-4EB2-A88E-077B1899817D}"
EndProject
Project("{FAE04EC0-301F-11D3-BF4B-00C04F79EFBC}") = "FrameworkControlJs1", "FrameworkControlJs1\FrameworkControlJs1.csproj", "{5C0CD14A-C92B-4320-AA6E-3A1DAB1EA1AF}"
EndProject
Global
	GlobalSection(SolutionConfigurationPlatforms) = preSolution
		Debug|Any CPU = Debug|Any CPU
		Debug|Mixed Platforms = Debug|Mixed Platforms
		Debug|TwinCAT CE7 (ARMV7) = Debug|TwinCAT CE7 (ARMV7)
		Debug|TwinCAT HMI = Debug|TwinCAT HMI
		Debug|TwinCAT RT (x64) = Debug|TwinCAT RT (x64)
		Debug|TwinCAT RT (x86) = Debug|TwinCAT RT (x86)
		Release|Any CPU = Release|Any CPU
		Release|Mixed Platforms = Release|Mixed Platforms
		Release|TwinCAT CE7 (ARMV7) = Release|TwinCAT CE7 (ARMV7)
		Release|TwinCAT HMI = Release|TwinCAT HMI
		Release|TwinCAT RT (x64) = Release|TwinCAT RT (x64)
		Release|TwinCAT RT (x86) = Release|TwinCAT RT (x86)
	EndGlobalSection
	GlobalSection(ProjectConfigurationPlatforms) = postSolution
		{6858FFFF-F71A-4678-A7FE-34FEC32714EF}.Debug|Any CPU.ActiveCfg = Debug|Any CPU
		{6858FFFF-F71A-4678-A7FE-34FEC32714EF}.Debug|Any CPU.Build.0 = Debug|Any CPU
		{6858FFFF-F71A-4678-A7FE-34FEC32714EF}.Debug|Mixed Platforms.ActiveCfg = Debug|Any CPU
		{6858FFFF-F71A-4678-A7FE-34FEC32714EF}.Debug|Mixed Platforms.Build.0 = Debug|Any CPU
		{6858FFFF-F71A-4678-A7FE-34FEC32714EF}.Debug|TwinCAT CE7 (ARMV7).ActiveCfg = Debug|Any CPU
		{6858FFFF-F71A-4678-A7FE-34FEC32714EF}.Debug|TwinCAT HMI.ActiveCfg = Debug|Any CPU
		{6858FFFF-F71A-4678-A7FE-34FEC32714EF}.Debug|TwinCAT HMI.Build.0 = Debug|Any CPU
		{6858FFFF-F71A-4678-A7FE-34FEC32714EF}.Debug|TwinCAT RT (x64).ActiveCfg = Debug|Any CPU
		{6858FFFF-F71A-4678-A7FE-34FEC32714EF}.Debug|TwinCAT RT (x86).ActiveCfg = Debug|Any CPU
		{6858FFFF-F71A-4678-A7FE-34FEC32714EF}.Release|Any CPU.ActiveCfg = Release|Any CPU
		{6858FFFF-F71A-4678-A7FE-34FEC32714EF}.Release|Any CPU.Build.0 = Release|Any CPU
		{6858FFFF-F71A-4678-A7FE-34FEC32714EF}.Release|Mixed Platforms.ActiveCfg = Release|Any CPU
		{6858FFFF-F71A-4678-A7FE-34FEC32714EF}.Release|Mixed Platforms.Build.0 = Release|Any CPU
		{6858FFFF-F71A-4678-A7FE-34FEC32714EF}.Release|TwinCAT CE7 (ARMV7).ActiveCfg = Release|Any CPU
		{6858FFFF-F71A-4678-A7FE-34FEC32714EF}.Release|TwinCAT HMI.ActiveCfg = Release|Any CPU
		{6858FFFF-F71A-4678-A7FE-34FEC32714EF}.Release|TwinCAT HMI.Build.0 = Release|Any CPU
		{6858FFFF-F71A-4678-A7FE-34FEC32714EF}.Release|TwinCAT RT (x64).ActiveCfg = Release|Any CPU
		{6858FFFF-F71A-4678-A7FE-34FEC32714EF}.Release|TwinCAT RT (x86).ActiveCfg = Release|Any CPU
		{17069FCB-55E1-437B-B353-06AD15F9EAB9}.Debug|Any CPU.ActiveCfg = Debug|TwinCAT CE7 (ARMV7)
		{17069FCB-55E1-437B-B353-06AD15F9EAB9}.Debug|Mixed Platforms.ActiveCfg = Debug|TwinCAT RT (x86)
		{17069FCB-55E1-437B-B353-06AD15F9EAB9}.Debug|TwinCAT CE7 (ARMV7).ActiveCfg = Debug|TwinCAT CE7 (ARMV7)
		{17069FCB-55E1-437B-B353-06AD15F9EAB9}.Debug|TwinCAT HMI.ActiveCfg = Debug|TwinCAT OS (ARMT2)
		{17069FCB-55E1-437B-B353-06AD15F9EAB9}.Debug|TwinCAT RT (x64).ActiveCfg = Debug|TwinCAT RT (x64)
		{17069FCB-55E1-437B-B353-06AD15F9EAB9}.Debug|TwinCAT RT (x86).ActiveCfg = Debug|TwinCAT RT (x86)
		{17069FCB-55E1-437B-B353-06AD15F9EAB9}.Release|Any CPU.ActiveCfg = Release|TwinCAT CE7 (ARMV7)
		{17069FCB-55E1-437B-B353-06AD15F9EAB9}.Release|Mixed Platforms.ActiveCfg = Release|TwinCAT CE7 (ARMV7)
		{17069FCB-55E1-437B-B353-06AD15F9EAB9}.Release|TwinCAT CE7 (ARMV7).ActiveCfg = Release|TwinCAT CE7 (ARMV7)
		{17069FCB-55E1-437B-B353-06AD15F9EAB9}.Release|TwinCAT HMI.ActiveCfg = Release|TwinCAT OS (ARMT2)
		{17069FCB-55E1-437B-B353-06AD15F9EAB9}.Release|TwinCAT RT (x64).ActiveCfg = Release|TwinCAT RT (x64)
		{17069FCB-55E1-437B-B353-06AD15F9EAB9}.Release|TwinCAT RT (x86).ActiveCfg = Release|TwinCAT RT (x86)
		{CA5A7DDC-1C7E-4805-91FF-63E404163A96}.Debug|Any CPU.ActiveCfg = Debug|TwinCAT CE7 (ARMV7)
		{CA5A7DDC-1C7E-4805-91FF-63E404163A96}.Debug|Mixed Platforms.ActiveCfg = Debug|TwinCAT CE7 (ARMV7)
		{CA5A7DDC-1C7E-4805-91FF-63E404163A96}.Debug|Mixed Platforms.Build.0 = Debug|TwinCAT CE7 (ARMV7)
		{CA5A7DDC-1C7E-4805-91FF-63E404163A96}.Debug|TwinCAT CE7 (ARMV7).ActiveCfg = Debug|TwinCAT CE7 (ARMV7)
		{CA5A7DDC-1C7E-4805-91FF-63E404163A96}.Debug|TwinCAT CE7 (ARMV7).Build.0 = Debug|TwinCAT CE7 (ARMV7)
		{CA5A7DDC-1C7E-4805-91FF-63E404163A96}.Debug|TwinCAT HMI.ActiveCfg = Debug|TwinCAT OS (ARMT2)
		{CA5A7DDC-1C7E-4805-91FF-63E404163A96}.Debug|TwinCAT RT (x64).ActiveCfg = Debug|TwinCAT RT (x64)
		{CA5A7DDC-1C7E-4805-91FF-63E404163A96}.Debug|TwinCAT RT (x64).Build.0 = Debug|TwinCAT RT (x64)
		{CA5A7DDC-1C7E-4805-91FF-63E404163A96}.Debug|TwinCAT RT (x86).ActiveCfg = Debug|TwinCAT RT (x86)
		{CA5A7DDC-1C7E-4805-91FF-63E404163A96}.Debug|TwinCAT RT (x86).Build.0 = Debug|TwinCAT RT (x86)
		{CA5A7DDC-1C7E-4805-91FF-63E404163A96}.Release|Any CPU.ActiveCfg = Release|TwinCAT CE7 (ARMV7)
		{CA5A7DDC-1C7E-4805-91FF-63E404163A96}.Release|Mixed Platforms.ActiveCfg = Release|TwinCAT CE7 (ARMV7)
		{CA5A7DDC-1C7E-4805-91FF-63E404163A96}.Release|Mixed Platforms.Build.0 = Release|TwinCAT CE7 (ARMV7)
		{CA5A7DDC-1C7E-4805-91FF-63E404163A96}.Release|TwinCAT CE7 (ARMV7).ActiveCfg = Release|TwinCAT CE7 (ARMV7)
		{CA5A7DDC-1C7E-4805-91FF-63E404163A96}.Release|TwinCAT CE7 (ARMV7).Build.0 = Release|TwinCAT CE7 (ARMV7)
		{CA5A7DDC-1C7E-4805-91FF-63E404163A96}.Release|TwinCAT HMI.ActiveCfg = Release|TwinCAT OS (ARMT2)
		{CA5A7DDC-1C7E-4805-91FF-63E404163A96}.Release|TwinCAT RT (x64).ActiveCfg = Release|TwinCAT RT (x64)
		{CA5A7DDC-1C7E-4805-91FF-63E404163A96}.Release|TwinCAT RT (x64).Build.0 = Release|TwinCAT RT (x64)
		{CA5A7DDC-1C7E-4805-91FF-63E404163A96}.Release|TwinCAT RT (x86).ActiveCfg = Release|TwinCAT RT (x86)
		{CA5A7DDC-1C7E-4805-91FF-63E404163A96}.Release|TwinCAT RT (x86).Build.0 = Release|TwinCAT RT (x86)
		{BC364254-F4C9-499E-B178-632D3C741DC3}.Debug|Any CPU.ActiveCfg = Debug|TwinCAT CE7 (ARMV7)
		{BC364254-F4C9-499E-B178-632D3C741DC3}.Debug|Mixed Platforms.ActiveCfg = Debug|TwinCAT CE7 (ARMV7)
		{BC364254-F4C9-499E-B178-632D3C741DC3}.Debug|Mixed Platforms.Build.0 = Debug|TwinCAT CE7 (ARMV7)
		{BC364254-F4C9-499E-B178-632D3C741DC3}.Debug|TwinCAT CE7 (ARMV7).ActiveCfg = Debug|TwinCAT CE7 (ARMV7)
		{BC364254-F4C9-499E-B178-632D3C741DC3}.Debug|TwinCAT CE7 (ARMV7).Build.0 = Debug|TwinCAT CE7 (ARMV7)
		{BC364254-F4C9-499E-B178-632D3C741DC3}.Debug|TwinCAT HMI.ActiveCfg = Debug|TwinCAT OS (ARMT2)
		{BC364254-F4C9-499E-B178-632D3C741DC3}.Debug|TwinCAT RT (x64).ActiveCfg = Debug|TwinCAT RT (x64)
		{BC364254-F4C9-499E-B178-632D3C741DC3}.Debug|TwinCAT RT (x64).Build.0 = Debug|TwinCAT RT (x64)
		{BC364254-F4C9-499E-B178-632D3C741DC3}.Debug|TwinCAT RT (x86).ActiveCfg = Debug|TwinCAT RT (x86)
		{BC364254-F4C9-499E-B178-632D3C741DC3}.Debug|TwinCAT RT (x86).Build.0 = Debug|TwinCAT RT (x86)
		{BC364254-F4C9-499E-B178-632D3C741DC3}.Release|Any CPU.ActiveCfg = Release|TwinCAT CE7 (ARMV7)
		{BC364254-F4C9-499E-B178-632D3C741DC3}.Release|Mixed Platforms.ActiveCfg = Release|TwinCAT CE7 (ARMV7)
		{BC364254-F4C9-499E-B178-632D3C741DC3}.Release|Mixed Platforms.Build.0 = Release|TwinCAT CE7 (ARMV7)
		{BC364254-F4C9-499E-B178-632D3C741DC3}.Release|TwinCAT CE7 (ARMV7).ActiveCfg = Release|TwinCAT CE7 (ARMV7)
		{BC364254-F4C9-499E-B178-632D3C741DC3}.Release|TwinCAT CE7 (ARMV7).Build.0 = Release|TwinCAT CE7 (ARMV7)
		{BC364254-F4C9-499E-B178-632D3C741DC3}.Release|TwinCAT HMI.ActiveCfg = Release|TwinCAT OS (ARMT2)
		{BC364254-F4C9-499E-B178-632D3C741DC3}.Release|TwinCAT RT (x64).ActiveCfg = Release|TwinCAT RT (x64)
		{BC364254-F4C9-499E-B178-632D3C741DC3}.Release|TwinCAT RT (x64).Build.0 = Release|TwinCAT RT (x64)
		{BC364254-F4C9-499E-B178-632D3C741DC3}.Release|TwinCAT RT (x86).ActiveCfg = Release|TwinCAT RT (x86)
		{BC364254-F4C9-499E-B178-632D3C741DC3}.Release|TwinCAT RT (x86).Build.0 = Release|TwinCAT RT (x86)
		{E6186552-EDC7-41C0-A276-968BAE71B3B3}.Debug|Any CPU.ActiveCfg = Debug|TwinCAT CE7 (ARMV7)
		{E6186552-EDC7-41C0-A276-968BAE71B3B3}.Debug|Mixed Platforms.ActiveCfg = Debug|TwinCAT CE7 (ARMV7)
		{E6186552-EDC7-41C0-A276-968BAE71B3B3}.Debug|Mixed Platforms.Build.0 = Debug|TwinCAT CE7 (ARMV7)
		{E6186552-EDC7-41C0-A276-968BAE71B3B3}.Debug|TwinCAT CE7 (ARMV7).ActiveCfg = Debug|TwinCAT CE7 (ARMV7)
		{E6186552-EDC7-41C0-A276-968BAE71B3B3}.Debug|TwinCAT CE7 (ARMV7).Build.0 = Debug|TwinCAT CE7 (ARMV7)
		{E6186552-EDC7-41C0-A276-968BAE71B3B3}.Debug|TwinCAT HMI.ActiveCfg = Debug|TwinCAT OS (ARMT2)
		{E6186552-EDC7-41C0-A276-968BAE71B3B3}.Debug|TwinCAT RT (x64).ActiveCfg = Debug|TwinCAT RT (x64)
		{E6186552-EDC7-41C0-A276-968BAE71B3B3}.Debug|TwinCAT RT (x64).Build.0 = Debug|TwinCAT RT (x64)
		{E6186552-EDC7-41C0-A276-968BAE71B3B3}.Debug|TwinCAT RT (x86).ActiveCfg = Debug|TwinCAT RT (x86)
		{E6186552-EDC7-41C0-A276-968BAE71B3B3}.Debug|TwinCAT RT (x86).Build.0 = Debug|TwinCAT RT (x86)
		{E6186552-EDC7-41C0-A276-968BAE71B3B3}.Release|Any CPU.ActiveCfg = Release|TwinCAT CE7 (ARMV7)
		{E6186552-EDC7-41C0-A276-968BAE71B3B3}.Release|Mixed Platforms.ActiveCfg = Release|TwinCAT CE7 (ARMV7)
		{E6186552-EDC7-41C0-A276-968BAE71B3B3}.Release|Mixed Platforms.Build.0 = Release|TwinCAT CE7 (ARMV7)
		{E6186552-EDC7-41C0-A276-968BAE71B3B3}.Release|TwinCAT CE7 (ARMV7).ActiveCfg = Release|TwinCAT CE7 (ARMV7)
		{E6186552-EDC7-41C0-A276-968BAE71B3B3}.Release|TwinCAT CE7 (ARMV7).Build.0 = Release|TwinCAT CE7 (ARMV7)
		{E6186552-EDC7-41C0-A276-968BAE71B3B3}.Release|TwinCAT HMI.ActiveCfg = Release|TwinCAT OS (ARMT2)
		{E6186552-EDC7-41C0-A276-968BAE71B3B3}.Release|TwinCAT RT (x64).ActiveCfg = Release|TwinCAT RT (x64)
		{E6186552-EDC7-41C0-A276-968BAE71B3B3}.Release|TwinCAT RT (x64).Build.0 = Release|TwinCAT RT (x64)
		{E6186552-EDC7-41C0-A276-968BAE71B3B3}.Release|TwinCAT RT (x86).ActiveCfg = Release|TwinCAT RT (x86)
		{E6186552-EDC7-41C0-A276-968BAE71B3B3}.Release|TwinCAT RT (x86).Build.0 = Release|TwinCAT RT (x86)
		{BC2054FB-3E46-4EB2-A88E-077B1899817D}.Debug|Any CPU.ActiveCfg = Debug|TwinCAT HMI
		{BC2054FB-3E46-4EB2-A88E-077B1899817D}.Debug|Mixed Platforms.ActiveCfg = Debug|TwinCAT HMI
		{BC2054FB-3E46-4EB2-A88E-077B1899817D}.Debug|Mixed Platforms.Build.0 = Debug|TwinCAT HMI
		{BC2054FB-3E46-4EB2-A88E-077B1899817D}.Debug|TwinCAT CE7 (ARMV7).ActiveCfg = Debug|TwinCAT HMI
		{BC2054FB-3E46-4EB2-A88E-077B1899817D}.Debug|TwinCAT HMI.ActiveCfg = Debug|TwinCAT HMI
		{BC2054FB-3E46-4EB2-A88E-077B1899817D}.Debug|TwinCAT HMI.Build.0 = Debug|TwinCAT HMI
		{BC2054FB-3E46-4EB2-A88E-077B1899817D}.Debug|TwinCAT RT (x64).ActiveCfg = Debug|TwinCAT HMI
		{BC2054FB-3E46-4EB2-A88E-077B1899817D}.Debug|TwinCAT RT (x86).ActiveCfg = Debug|TwinCAT HMI
		{BC2054FB-3E46-4EB2-A88E-077B1899817D}.Release|Any CPU.ActiveCfg = Release|TwinCAT HMI
		{BC2054FB-3E46-4EB2-A88E-077B1899817D}.Release|Mixed Platforms.ActiveCfg = Release|TwinCAT HMI
		{BC2054FB-3E46-4EB2-A88E-077B1899817D}.Release|Mixed Platforms.Build.0 = Release|TwinCAT HMI
		{BC2054FB-3E46-4EB2-A88E-077B1899817D}.Release|TwinCAT CE7 (ARMV7).ActiveCfg = Release|TwinCAT HMI
		{BC2054FB-3E46-4EB2-A88E-077B1899817D}.Release|TwinCAT HMI.ActiveCfg = Release|TwinCAT HMI
		{BC2054FB-3E46-4EB2-A88E-077B1899817D}.Release|TwinCAT HMI.Build.0 = Release|TwinCAT HMI
		{BC2054FB-3E46-4EB2-A88E-077B1899817D}.Release|TwinCAT RT (x64).ActiveCfg = Release|TwinCAT HMI
		{BC2054FB-3E46-4EB2-A88E-077B1899817D}.Release|TwinCAT RT (x86).ActiveCfg = Release|TwinCAT HMI
		{5C0CD14A-C92B-4320-AA6E-3A1DAB1EA1AF}.Debug|Any CPU.ActiveCfg = Debug|Any CPU
		{5C0CD14A-C92B-4320-AA6E-3A1DAB1EA1AF}.Debug|Any CPU.Build.0 = Debug|Any CPU
		{5C0CD14A-C92B-4320-AA6E-3A1DAB1EA1AF}.Debug|Mixed Platforms.ActiveCfg = Debug|Any CPU
		{5C0CD14A-C92B-4320-AA6E-3A1DAB1EA1AF}.Debug|Mixed Platforms.Build.0 = Debug|Any CPU
		{5C0CD14A-C92B-4320-AA6E-3A1DAB1EA1AF}.Debug|TwinCAT CE7 (ARMV7).ActiveCfg = Debug|Any CPU
		{5C0CD14A-C92B-4320-AA6E-3A1DAB1EA1AF}.Debug|TwinCAT CE7 (ARMV7).Build.0 = Debug|Any CPU
		{5C0CD14A-C92B-4320-AA6E-3A1DAB1EA1AF}.Debug|TwinCAT HMI.ActiveCfg = Debug|Any CPU
		{5C0CD14A-C92B-4320-AA6E-3A1DAB1EA1AF}.Debug|TwinCAT HMI.Build.0 = Debug|Any CPU
		{5C0CD14A-C92B-4320-AA6E-3A1DAB1EA1AF}.Debug|TwinCAT RT (x64).ActiveCfg = Debug|Any CPU
		{5C0CD14A-C92B-4320-AA6E-3A1DAB1EA1AF}.Debug|TwinCAT RT (x64).Build.0 = Debug|Any CPU
		{5C0CD14A-C92B-4320-AA6E-3A1DAB1EA1AF}.Debug|TwinCAT RT (x86).ActiveCfg = Debug|Any CPU
		{5C0CD14A-C92B-4320-AA6E-3A1DAB1EA1AF}.Debug|TwinCAT RT (x86).Build.0 = Debug|Any CPU
		{5C0CD14A-C92B-4320-AA6E-3A1DAB1EA1AF}.Release|Any CPU.ActiveCfg = Release|Any CPU
		{5C0CD14A-C92B-4320-AA6E-3A1DAB1EA1AF}.Release|Any CPU.Build.0 = Release|Any CPU
		{5C0CD14A-C92B-4320-AA6E-3A1DAB1EA1AF}.Release|Mixed Platforms.ActiveCfg = Release|Any CPU
		{5C0CD14A-C92B-4320-AA6E-3A1DAB1EA1AF}.Release|Mixed Platforms.Build.0 = Release|Any CPU
		{5C0CD14A-C92B-4320-AA6E-3A1DAB1EA1AF}.Release|TwinCAT CE7 (ARMV7).ActiveCfg = Release|Any CPU
		{5C0CD14A-C92B-4320-AA6E-3A1DAB1EA1AF}.Release|TwinCAT CE7 (ARMV7).Build.0 = Release|Any CPU
		{5C0CD14A-C92B-4320-AA6E-3A1DAB1EA1AF}.Release|TwinCAT HMI.ActiveCfg = Release|Any CPU
		{5C0CD14A-C92B-4320-AA6E-3A1DAB1EA1AF}.Release|TwinCAT HMI.Build.0 = Release|Any CPU
		{5C0CD14A-C92B-4320-AA6E-3A1DAB1EA1AF}.Release|TwinCAT RT (x64).ActiveCfg = Release|Any CPU
		{5C0CD14A-C92B-4320-AA6E-3A1DAB1EA1AF}.Release|TwinCAT RT (x64).Build.0 = Release|Any CPU
		{5C0CD14A-C92B-4320-AA6E-3A1DAB1EA1AF}.Release|TwinCAT RT (x86).ActiveCfg = Release|Any CPU
		{5C0CD14A-C92B-4320-AA6E-3A1DAB1EA1AF}.Release|TwinCAT RT (x86).Build.0 = Release|Any CPU
	EndGlobalSection
	GlobalSection(SolutionProperties) = preSolution
		HideSolutionNode = FALSE
	EndGlobalSection
	GlobalSection(ExtensibilityGlobals) = postSolution
		SolutionGuid = {95CADC34-8B7B-4D0C-A5D6-34D91FF90D98}
	EndGlobalSection
EndGlobal
